
Microsoft Visual Studio Solution File, Format Version 12.00
# Visual Studio Version 17
VisualStudioVersion = 17.4.33122.133
MinimumVisualStudioVersion = 10.0.40219.1
Project("{9A19103F-16F7-4668-BE54-9A1E7A4F7556}") = "WebApp.Observer", "WebApp.Observer.csproj", "{01ED63F9-4825-41D0-B420-4050FA403C70}"
EndProject
Global
	GlobalSection(SolutionConfigurationPlatforms) = preSolution
		Debug|Any CPU = Debug|Any CPU
		Release|Any CPU = Release|Any CPU
	EndGlobalSection
	GlobalSection(ProjectConfigurationPlatforms) = postSolution
		{01ED63F9-4825-41D0-B420-4050FA403C70}.Debug|Any CPU.ActiveCfg = Debug|Any CPU
		{01ED63F9-4825-41D0-B420-4050FA403C70}.Debug|Any CPU.Build.0 = Debug|Any CPU
		{01ED63F9-4825-41D0-B420-4050FA403C70}.Release|Any CPU.ActiveCfg = Release|Any CPU
		{01ED63F9-4825-41D0-B420-4050FA403C70}.Release|Any CPU.Build.0 = Release|Any CPU
	EndGlobalSection
	GlobalSection(SolutionProperties) = preSolution
		HideSolutionNode = FALSE
	EndGlobalSection
	GlobalSection(ExtensibilityGlobals) = postSolution
		SolutionGuid = {6C0B3EAF-FA4D-4678-93A6-E6114410EADD}
	EndGlobalSection
EndGlobal
